
Microsoft Visual Studio Solution File, Format Version 12.00
# Visual Studio Version 17
VisualStudioVersion = 17.1.32319.34
MinimumVisualStudioVersion = 10.0.40219.1
Project("{FAE04EC0-301F-11D3-BF4B-00C04F79EFBC}") = "MyApp", "MyApp\MyApp.csproj", "{8DD54758-8B71-470F-BE19-EEED2FB6AA92}"
EndProject
Project("{FAE04EC0-301F-11D3-BF4B-00C04F79EFBC}") = "WinHelperLibrary", "WinHelperLibrary\WinHelperLibrary.csproj", "{D71AE1E2-B338-4A5C-97A6-BD8F822CE93E}"
EndProject
Global
	GlobalSection(SolutionConfigurationPlatforms) = preSolution
		Debug|Any CPU = Debug|Any CPU
		Release|Any CPU = Release|Any CPU
	EndGlobalSection
	GlobalSection(ProjectConfigurationPlatforms) = postSolution
		{8DD54758-8B71-470F-BE19-EEED2FB6AA92}.Debug|Any CPU.ActiveCfg = Debug|Any CPU
		{8DD54758-8B71-470F-BE19-EEED2FB6AA92}.Debug|Any CPU.Build.0 = Debug|Any CPU
		{8DD54758-8B71-470F-BE19-EEED2FB6AA92}.Release|Any CPU.ActiveCfg = Release|Any CPU
		{8DD54758-8B71-470F-BE19-EEED2FB6AA92}.Release|Any CPU.Build.0 = Release|Any CPU
		{D71AE1E2-B338-4A5C-97A6-BD8F822CE93E}.Debug|Any CPU.ActiveCfg = Debug|Any CPU
		{D71AE1E2-B338-4A5C-97A6-BD8F822CE93E}.Debug|Any CPU.Build.0 = Debug|Any CPU
		{D71AE1E2-B338-4A5C-97A6-BD8F822CE93E}.Release|Any CPU.ActiveCfg = Release|Any CPU
		{D71AE1E2-B338-4A5C-97A6-BD8F822CE93E}.Release|Any CPU.Build.0 = Release|Any CPU
	EndGlobalSection
	GlobalSection(SolutionProperties) = preSolution
		HideSolutionNode = FALSE
	EndGlobalSection
	GlobalSection(ExtensibilityGlobals) = postSolution
		SolutionGuid = {217DE631-3C2C-4E1B-838D-84B4F501D34D}
	EndGlobalSection
EndGlobal
